
Microsoft Visual Studio Solution File, Format Version 12.00
# Visual Studio 15
VisualStudioVersion = 15.0.27004.2009
MinimumVisualStudioVersion = 10.0.40219.1
Project("{9A19103F-16F7-4668-BE54-9A1E7A4F7556}") = "CameraBazar.Web", "CameraBazar.Web\CameraBazar.Web.csproj", "{1C1EB66C-53AF-4CD8-9965-3FAE0BB0CA1A}"
EndProject
Project("{9A19103F-16F7-4668-BE54-9A1E7A4F7556}") = "CameraBazar.Data", "CameraBazar.Data\CameraBazar.Data.csproj", "{944AD479-3224-475E-A8A4-94BE2DE5DFFC}"
EndProject
Project("{FAE04EC0-301F-11D3-BF4B-00C04F79EFBC}") = "CameraBazar.Services", "CameraBazar.Services\CameraBazar.Services.csproj", "{6EAD137E-1882-4F86-B3CE-3F1E52EE2795}"
EndProject
Global
	GlobalSection(SolutionConfigurationPlatforms) = preSolution
		Debug|Any CPU = Debug|Any CPU
		Release|Any CPU = Release|Any CPU
	EndGlobalSection
	GlobalSection(ProjectConfigurationPlatforms) = postSolution
		{1C1EB66C-53AF-4CD8-9965-3FAE0BB0CA1A}.Debug|Any CPU.ActiveCfg = Debug|Any CPU
		{1C1EB66C-53AF-4CD8-9965-3FAE0BB0CA1A}.Debug|Any CPU.Build.0 = Debug|Any CPU
		{1C1EB66C-53AF-4CD8-9965-3FAE0BB0CA1A}.Release|Any CPU.ActiveCfg = Release|Any CPU
		{1C1EB66C-53AF-4CD8-9965-3FAE0BB0CA1A}.Release|Any CPU.Build.0 = Release|Any CPU
		{944AD479-3224-475E-A8A4-94BE2DE5DFFC}.Debug|Any CPU.ActiveCfg = Debug|Any CPU
		{944AD479-3224-475E-A8A4-94BE2DE5DFFC}.Debug|Any CPU.Build.0 = Debug|Any CPU
		{944AD479-3224-475E-A8A4-94BE2DE5DFFC}.Release|Any CPU.ActiveCfg = Release|Any CPU
		{944AD479-3224-475E-A8A4-94BE2DE5DFFC}.Release|Any CPU.Build.0 = Release|Any CPU
		{6EAD137E-1882-4F86-B3CE-3F1E52EE2795}.Debug|Any CPU.ActiveCfg = Debug|Any CPU
		{6EAD137E-1882-4F86-B3CE-3F1E52EE2795}.Debug|Any CPU.Build.0 = Debug|Any CPU
		{6EAD137E-1882-4F86-B3CE-3F1E52EE2795}.Release|Any CPU.ActiveCfg = Release|Any CPU
		{6EAD137E-1882-4F86-B3CE-3F1E52EE2795}.Release|Any CPU.Build.0 = Release|Any CPU
	EndGlobalSection
	GlobalSection(SolutionProperties) = preSolution
		HideSolutionNode = FALSE
	EndGlobalSection
	GlobalSection(ExtensibilityGlobals) = postSolution
		SolutionGuid = {8E5D566A-DB1F-4B3A-9FDF-DBB3C592BBF0}
	EndGlobalSection
EndGlobal
